
Microsoft Visual Studio Solution File, Format Version 12.00
# Visual Studio 15
VisualStudioVersion = 15.0.27703.2035
MinimumVisualStudioVersion = 10.0.40219.1
Project("{FAE04EC0-301F-11D3-BF4B-00C04F79EFBC}") = "Soap.Android", "Soap\Soap.Android\Soap.Android.csproj", "{EE9FC82D-1105-4E87-AEF8-A5D7F0E7A7E8}"
EndProject
Project("{FAE04EC0-301F-11D3-BF4B-00C04F79EFBC}") = "Soap.iOS", "Soap\Soap.iOS\Soap.iOS.csproj", "{464C3CA5-267B-4D06-B7ED-B10BC5FEB0FA}"
EndProject
Project("{9A19103F-16F7-4668-BE54-9A1E7A4F7556}") = "Soap", "Soap\Soap\Soap.csproj", "{603637DC-8C5D-4C5A-8018-91B04F8C1DFF}"
EndProject
Global
	GlobalSection(SolutionConfigurationPlatforms) = preSolution
		Ad-Hoc|Any CPU = Ad-Hoc|Any CPU
		Ad-Hoc|iPhone = Ad-Hoc|iPhone
		Ad-Hoc|iPhoneSimulator = Ad-Hoc|iPhoneSimulator
		AppStore|Any CPU = AppStore|Any CPU
		AppStore|iPhone = AppStore|iPhone
		AppStore|iPhoneSimulator = AppStore|iPhoneSimulator
		Debug|Any CPU = Debug|Any CPU
		Debug|iPhone = Debug|iPhone
		Debug|iPhoneSimulator = Debug|iPhoneSimulator
		Release|Any CPU = Release|Any CPU
		Release|iPhone = Release|iPhone
		Release|iPhoneSimulator = Release|iPhoneSimulator
	EndGlobalSection
	GlobalSection(ProjectConfigurationPlatforms) = postSolution
		{EE9FC82D-1105-4E87-AEF8-A5D7F0E7A7E8}.Ad-Hoc|Any CPU.ActiveCfg = Release|Any CPU
		{EE9FC82D-1105-4E87-AEF8-A5D7F0E7A7E8}.Ad-Hoc|Any CPU.Build.0 = Release|Any CPU
		{EE9FC82D-1105-4E87-AEF8-A5D7F0E7A7E8}.Ad-Hoc|Any CPU.Deploy.0 = Release|Any CPU
		{EE9FC82D-1105-4E87-AEF8-A5D7F0E7A7E8}.Ad-Hoc|iPhone.ActiveCfg = Release|Any CPU
		{EE9FC82D-1105-4E87-AEF8-A5D7F0E7A7E8}.Ad-Hoc|iPhone.Build.0 = Release|Any CPU
		{EE9FC82D-1105-4E87-AEF8-A5D7F0E7A7E8}.Ad-Hoc|iPhone.Deploy.0 = Release|Any CPU
		{EE9FC82D-1105-4E87-AEF8-A5D7F0E7A7E8}.Ad-Hoc|iPhoneSimulator.ActiveCfg = Release|Any CPU
		{EE9FC82D-1105-4E87-AEF8-A5D7F0E7A7E8}.Ad-Hoc|iPhoneSimulator.Build.0 = Release|Any CPU
		{EE9FC82D-1105-4E87-AEF8-A5D7F0E7A7E8}.Ad-Hoc|iPhoneSimulator.Deploy.0 = Release|Any CPU
		{EE9FC82D-1105-4E87-AEF8-A5D7F0E7A7E8}.AppStore|Any CPU.ActiveCfg = Release|Any CPU
		{EE9FC82D-1105-4E87-AEF8-A5D7F0E7A7E8}.AppStore|Any CPU.Build.0 = Release|Any CPU
		{EE9FC82D-1105-4E87-AEF8-A5D7F0E7A7E8}.AppStore|Any CPU.Deploy.0 = Release|Any CPU
		{EE9FC82D-1105-4E87-AEF8-A5D7F0E7A7E8}.AppStore|iPhone.ActiveCfg = Release|Any CPU
		{EE9FC82D-1105-4E87-AEF8-A5D7F0E7A7E8}.AppStore|iPhone.Build.0 = Release|Any CPU
		{EE9FC82D-1105-4E87-AEF8-A5D7F0E7A7E8}.AppStore|iPhone.Deploy.0 = Release|Any CPU
		{EE9FC82D-1105-4E87-AEF8-A5D7F0E7A7E8}.AppStore|iPhoneSimulator.ActiveCfg = Release|Any CPU
		{EE9FC82D-1105-4E87-AEF8-A5D7F0E7A7E8}.AppStore|iPhoneSimulator.Build.0 = Release|Any CPU
		{EE9FC82D-1105-4E87-AEF8-A5D7F0E7A7E8}.AppStore|iPhoneSimulator.Deploy.0 = Release|Any CPU
		{EE9FC82D-1105-4E87-AEF8-A5D7F0E7A7E8}.Debug|Any CPU.ActiveCfg = Debug|Any CPU
		{EE9FC82D-1105-4E87-AEF8-A5D7F0E7A7E8}.Debug|Any CPU.Build.0 = Debug|Any CPU
		{EE9FC82D-1105-4E87-AEF8-A5D7F0E7A7E8}.Debug|Any CPU.Deploy.0 = Debug|Any CPU
		{EE9FC82D-1105-4E87-AEF8-A5D7F0E7A7E8}.Debug|iPhone.ActiveCfg = Debug|Any CPU
		{EE9FC82D-1105-4E87-AEF8-A5D7F0E7A7E8}.Debug|iPhone.Build.0 = Debug|Any CPU
		{EE9FC82D-1105-4E87-AEF8-A5D7F0E7A7E8}.Debug|iPhone.Deploy.0 = Debug|Any CPU
		{EE9FC82D-1105-4E87-AEF8-A5D7F0E7A7E8}.Debug|iPhoneSimulator.ActiveCfg = Debug|Any CPU
		{EE9FC82D-1105-4E87-AEF8-A5D7F0E7A7E8}.Debug|iPhoneSimulator.Build.0 = Debug|Any CPU
		{EE9FC82D-1105-4E87-AEF8-A5D7F0E7A7E8}.Debug|iPhoneSimulator.Deploy.0 = Debug|Any CPU
		{EE9FC82D-1105-4E87-AEF8-A5D7F0E7A7E8}.Release|Any CPU.ActiveCfg = Release|Any CPU
		{EE9FC82D-1105-4E87-AEF8-A5D7F0E7A7E8}.Release|Any CPU.Build.0 = Release|Any CPU
		{EE9FC82D-1105-4E87-AEF8-A5D7F0E7A7E8}.Release|Any CPU.Deploy.0 = Release|Any CPU
		{EE9FC82D-1105-4E87-AEF8-A5D7F0E7A7E8}.Release|iPhone.ActiveCfg = Release|Any CPU
		{EE9FC82D-1105-4E87-AEF8-A5D7F0E7A7E8}.Release|iPhone.Build.0 = Release|Any CPU
		{EE9FC82D-1105-4E87-AEF8-A5D7F0E7A7E8}.Release|iPhone.Deploy.0 = Release|Any CPU
		{EE9FC82D-1105-4E87-AEF8-A5D7F0E7A7E8}.Release|iPhoneSimulator.ActiveCfg = Release|Any CPU
		{EE9FC82D-1105-4E87-AEF8-A5D7F0E7A7E8}.Release|iPhoneSimulator.Build.0 = Release|Any CPU
		{EE9FC82D-1105-4E87-AEF8-A5D7F0E7A7E8}.Release|iPhoneSimulator.Deploy.0 = Release|Any CPU
		{464C3CA5-267B-4D06-B7ED-B10BC5FEB0FA}.Ad-Hoc|Any CPU.ActiveCfg = Ad-Hoc|iPhone
		{464C3CA5-267B-4D06-B7ED-B10BC5FEB0FA}.Ad-Hoc|Any CPU.Build.0 = Ad-Hoc|iPhone
		{464C3CA5-267B-4D06-B7ED-B10BC5FEB0FA}.Ad-Hoc|Any CPU.Deploy.0 = Ad-Hoc|iPhone
		{464C3CA5-267B-4D06-B7ED-B10BC5FEB0FA}.Ad-Hoc|iPhone.ActiveCfg = Ad-Hoc|iPhone
		{464C3CA5-267B-4D06-B7ED-B10BC5FEB0FA}.Ad-Hoc|iPhone.Build.0 = Ad-Hoc|iPhone
		{464C3CA5-267B-4D06-B7ED-B10BC5FEB0FA}.Ad-Hoc|iPhone.Deploy.0 = Ad-Hoc|iPhone
		{464C3CA5-267B-4D06-B7ED-B10BC5FEB0FA}.Ad-Hoc|iPhoneSimulator.ActiveCfg = Ad-Hoc|iPhoneSimulator
		{464C3CA5-267B-4D06-B7ED-B10BC5FEB0FA}.Ad-Hoc|iPhoneSimulator.Build.0 = Ad-Hoc|iPhoneSimulator
		{464C3CA5-267B-4D06-B7ED-B10BC5FEB0FA}.Ad-Hoc|iPhoneSimulator.Deploy.0 = Ad-Hoc|iPhoneSimulator
		{464C3CA5-267B-4D06-B7ED-B10BC5FEB0FA}.AppStore|Any CPU.ActiveCfg = AppStore|iPhone
		{464C3CA5-267B-4D06-B7ED-B10BC5FEB0FA}.AppStore|Any CPU.Build.0 = AppStore|iPhone
		{464C3CA5-267B-4D06-B7ED-B10BC5FEB0FA}.AppStore|Any CPU.Deploy.0 = AppStore|iPhone
		{464C3CA5-267B-4D06-B7ED-B10BC5FEB0FA}.AppStore|iPhone.ActiveCfg = AppStore|iPhone
		{464C3CA5-267B-4D06-B7ED-B10BC5FEB0FA}.AppStore|iPhone.Build.0 = AppStore|iPhone
		{464C3CA5-267B-4D06-B7ED-B10BC5FEB0FA}.AppStore|iPhone.Deploy.0 = AppStore|iPhone
		{464C3CA5-267B-4D06-B7ED-B10BC5FEB0FA}.AppStore|iPhoneSimulator.ActiveCfg = AppStore|iPhoneSimulator
		{464C3CA5-267B-4D06-B7ED-B10BC5FEB0FA}.AppStore|iPhoneSimulator.Build.0 = AppStore|iPhoneSimulator
		{464C3CA5-267B-4D06-B7ED-B10BC5FEB0FA}.AppStore|iPhoneSimulator.Deploy.0 = AppStore|iPhoneSimulator
		{464C3CA5-267B-4D06-B7ED-B10BC5FEB0FA}.Debug|Any CPU.ActiveCfg = Debug|iPhoneSimulator
		{464C3CA5-267B-4D06-B7ED-B10BC5FEB0FA}.Debug|Any CPU.Build.0 = Debug|iPhoneSimulator
		{464C3CA5-267B-4D06-B7ED-B10BC5FEB0FA}.Debug|Any CPU.Deploy.0 = Debug|iPhoneSimulator
		{464C3CA5-267B-4D06-B7ED-B10BC5FEB0FA}.Debug|iPhone.ActiveCfg = Debug|iPhone
		{464C3CA5-267B-4D06-B7ED-B10BC5FEB0FA}.Debug|iPhone.Build.0 = Debug|iPhone
		{464C3CA5-267B-4D06-B7ED-B10BC5FEB0FA}.Debug|iPhone.Deploy.0 = Debug|iPhone
		{464C3CA5-267B-4D06-B7ED-B10BC5FEB0FA}.Debug|iPhoneSimulator.ActiveCfg = Debug|iPhoneSimulator
		{464C3CA5-267B-4D06-B7ED-B10BC5FEB0FA}.Debug|iPhoneSimulator.Build.0 = Debug|iPhoneSimulator
		{464C3CA5-267B-4D06-B7ED-B10BC5FEB0FA}.Debug|iPhoneSimulator.Deploy.0 = Debug|iPhoneSimulator
		{464C3CA5-267B-4D06-B7ED-B10BC5FEB0FA}.Release|Any CPU.ActiveCfg = Release|iPhone
		{464C3CA5-267B-4D06-B7ED-B10BC5FEB0FA}.Release|Any CPU.Build.0 = Release|iPhone
		{464C3CA5-267B-4D06-B7ED-B10BC5FEB0FA}.Release|Any CPU.Deploy.0 = Release|iPhone
		{464C3CA5-267B-4D06-B7ED-B10BC5FEB0FA}.Release|iPhone.ActiveCfg = Release|iPhone
		{464C3CA5-267B-4D06-B7ED-B10BC5FEB0FA}.Release|iPhone.Build.0 = Release|iPhone
		{464C3CA5-267B-4D06-B7ED-B10BC5FEB0FA}.Release|iPhone.Deploy.0 = Release|iPhone
		{464C3CA5-267B-4D06-B7ED-B10BC5FEB0FA}.Release|iPhoneSimulator.ActiveCfg = Release|iPhoneSimulator
		{464C3CA5-267B-4D06-B7ED-B10BC5FEB0FA}.Release|iPhoneSimulator.Build.0 = Release|iPhoneSimulator
		{464C3CA5-267B-4D06-B7ED-B10BC5FEB0FA}.Release|iPhoneSimulator.Deploy.0 = Release|iPhoneSimulator
		{603637DC-8C5D-4C5A-8018-91B04F8C1DFF}.Ad-Hoc|Any CPU.ActiveCfg = Debug|Any CPU
		{603637DC-8C5D-4C5A-8018-91B04F8C1DFF}.Ad-Hoc|Any CPU.Build.0 = Debug|Any CPU
		{603637DC-8C5D-4C5A-8018-91B04F8C1DFF}.Ad-Hoc|Any CPU.Deploy.0 = Debug|Any CPU
		{603637DC-8C5D-4C5A-8018-91B04F8C1DFF}.Ad-Hoc|iPhone.ActiveCfg = Debug|Any CPU
		{603637DC-8C5D-4C5A-8018-91B04F8C1DFF}.Ad-Hoc|iPhone.Build.0 = Debug|Any CPU
		{603637DC-8C5D-4C5A-8018-91B04F8C1DFF}.Ad-Hoc|iPhone.Deploy.0 = Debug|Any CPU
		{603637DC-8C5D-4C5A-8018-91B04F8C1DFF}.Ad-Hoc|iPhoneSimulator.ActiveCfg = Debug|Any CPU
		{603637DC-8C5D-4C5A-8018-91B04F8C1DFF}.Ad-Hoc|iPhoneSimulator.Build.0 = Debug|Any CPU
		{603637DC-8C5D-4C5A-8018-91B04F8C1DFF}.Ad-Hoc|iPhoneSimulator.Deploy.0 = Debug|Any CPU
		{603637DC-8C5D-4C5A-8018-91B04F8C1DFF}.AppStore|Any CPU.ActiveCfg = Debug|Any CPU
		{603637DC-8C5D-4C5A-8018-91B04F8C1DFF}.AppStore|Any CPU.Build.0 = Debug|Any CPU
		{603637DC-8C5D-4C5A-8018-91B04F8C1DFF}.AppStore|Any CPU.Deploy.0 = Debug|Any CPU
		{603637DC-8C5D-4C5A-8018-91B04F8C1DFF}.AppStore|iPhone.ActiveCfg = Debug|Any CPU
		{603637DC-8C5D-4C5A-8018-91B04F8C1DFF}.AppStore|iPhone.Build.0 = Debug|Any CPU
		{603637DC-8C5D-4C5A-8018-91B04F8C1DFF}.AppStore|iPhone.Deploy.0 = Debug|Any CPU
		{603637DC-8C5D-4C5A-8018-91B04F8C1DFF}.AppStore|iPhoneSimulator.ActiveCfg = Debug|Any CPU
		{603637DC-8C5D-4C5A-8018-91B04F8C1DFF}.AppStore|iPhoneSimulator.Build.0 = Debug|Any CPU
		{603637DC-8C5D-4C5A-8018-91B04F8C1DFF}.AppStore|iPhoneSimulator.Deploy.0 = Debug|Any CPU
		{603637DC-8C5D-4C5A-8018-91B04F8C1DFF}.Debug|Any CPU.ActiveCfg = Debug|Any CPU
		{603637DC-8C5D-4C5A-8018-91B04F8C1DFF}.Debug|Any CPU.Build.0 = Debug|Any CPU
		{603637DC-8C5D-4C5A-8018-91B04F8C1DFF}.Debug|Any CPU.Deploy.0 = Debug|Any CPU
		{603637DC-8C5D-4C5A-8018-91B04F8C1DFF}.Debug|iPhone.ActiveCfg = Debug|Any CPU
		{603637DC-8C5D-4C5A-8018-91B04F8C1DFF}.Debug|iPhone.Build.0 = Debug|Any CPU
		{603637DC-8C5D-4C5A-8018-91B04F8C1DFF}.Debug|iPhone.Deploy.0 = Debug|Any CPU
		{603637DC-8C5D-4C5A-8018-91B04F8C1DFF}.Debug|iPhoneSimulator.ActiveCfg = Debug|Any CPU
		{603637DC-8C5D-4C5A-8018-91B04F8C1DFF}.Debug|iPhoneSimulator.Build.0 = Debug|Any CPU
		{603637DC-8C5D-4C5A-8018-91B04F8C1DFF}.Debug|iPhoneSimulator.Deploy.0 = Debug|Any CPU
		{603637DC-8C5D-4C5A-8018-91B04F8C1DFF}.Release|Any CPU.ActiveCfg = Release|Any CPU
		{603637DC-8C5D-4C5A-8018-91B04F8C1DFF}.Release|Any CPU.Build.0 = Release|Any CPU
		{603637DC-8C5D-4C5A-8018-91B04F8C1DFF}.Release|Any CPU.Deploy.0 = Release|Any CPU
		{603637DC-8C5D-4C5A-8018-91B04F8C1DFF}.Release|iPhone.ActiveCfg = Release|Any CPU
		{603637DC-8C5D-4C5A-8018-91B04F8C1DFF}.Release|iPhone.Build.0 = Release|Any CPU
		{603637DC-8C5D-4C5A-8018-91B04F8C1DFF}.Release|iPhone.Deploy.0 = Release|Any CPU
		{603637DC-8C5D-4C5A-8018-91B04F8C1DFF}.Release|iPhoneSimulator.ActiveCfg = Release|Any CPU
		{603637DC-8C5D-4C5A-8018-91B04F8C1DFF}.Release|iPhoneSimulator.Build.0 = Release|Any CPU
		{603637DC-8C5D-4C5A-8018-91B04F8C1DFF}.Release|iPhoneSimulator.Deploy.0 = Release|Any CPU
	EndGlobalSection
	GlobalSection(SolutionProperties) = preSolution
		HideSolutionNode = FALSE
	EndGlobalSection
	GlobalSection(ExtensibilityGlobals) = postSolution
		SolutionGuid = {304FB7C6-802C-41EC-85CA-5C21BFDEC642}
	EndGlobalSection
EndGlobal
